
Microsoft Visual Studio Solution File, Format Version 12.00
# Visual Studio Version 17
VisualStudioVersion = 17.7.34031.279
MinimumVisualStudioVersion = 10.0.40219.1
Project("{FAE04EC0-301F-11D3-BF4B-00C04F79EFBC}") = "Forecast-Team8", "Forecast-Team8.csproj", "{0DED5A0E-D9FB-40EC-A6CD-21759CA99B7D}"
EndProject
Global
	GlobalSection(SolutionConfigurationPlatforms) = preSolution
		Debug|Any CPU = Debug|Any CPU
		Release|Any CPU = Release|Any CPU
	EndGlobalSection
	GlobalSection(ProjectConfigurationPlatforms) = postSolution
		{0DED5A0E-D9FB-40EC-A6CD-21759CA99B7D}.Debug|Any CPU.ActiveCfg = Debug|Any CPU
		{0DED5A0E-D9FB-40EC-A6CD-21759CA99B7D}.Debug|Any CPU.Build.0 = Debug|Any CPU
		{0DED5A0E-D9FB-40EC-A6CD-21759CA99B7D}.Release|Any CPU.ActiveCfg = Release|Any CPU
		{0DED5A0E-D9FB-40EC-A6CD-21759CA99B7D}.Release|Any CPU.Build.0 = Release|Any CPU
	EndGlobalSection
	GlobalSection(SolutionProperties) = preSolution
		HideSolutionNode = FALSE
	EndGlobalSection
	GlobalSection(ExtensibilityGlobals) = postSolution
		SolutionGuid = {811064BF-9E6F-41A5-99D4-5BC769459082}
	EndGlobalSection
EndGlobal
